
Microsoft Visual Studio Solution File, Format Version 12.00
# Visual Studio Version 17
VisualStudioVersion = 17.5.002.0
MinimumVisualStudioVersion = 10.0.40219.1
Project("{9A19103F-16F7-4668-BE54-9A1E7A4F7556}") = "creditorotativo", "creditorotativo.csproj", "{021ACEDA-2625-4FE4-8B81-A66C571FBA08}"
EndProject
Global
	GlobalSection(SolutionConfigurationPlatforms) = preSolution
		Debug|Any CPU = Debug|Any CPU
		Release|Any CPU = Release|Any CPU
	EndGlobalSection
	GlobalSection(ProjectConfigurationPlatforms) = postSolution
		{021ACEDA-2625-4FE4-8B81-A66C571FBA08}.Debug|Any CPU.ActiveCfg = Debug|Any CPU
		{021ACEDA-2625-4FE4-8B81-A66C571FBA08}.Debug|Any CPU.Build.0 = Debug|Any CPU
		{021ACEDA-2625-4FE4-8B81-A66C571FBA08}.Release|Any CPU.ActiveCfg = Release|Any CPU
		{021ACEDA-2625-4FE4-8B81-A66C571FBA08}.Release|Any CPU.Build.0 = Release|Any CPU
	EndGlobalSection
	GlobalSection(SolutionProperties) = preSolution
		HideSolutionNode = FALSE
	EndGlobalSection
	GlobalSection(ExtensibilityGlobals) = postSolution
		SolutionGuid = {CCF796DE-E1CD-428F-8656-F1D396756E12}
	EndGlobalSection
EndGlobal
